
Microsoft Visual Studio Solution File, Format Version 12.00
# Visual Studio Version 17
VisualStudioVersion = 17.6.33829.357
MinimumVisualStudioVersion = 10.0.40219.1
Project("{FAE04EC0-301F-11D3-BF4B-00C04F79EFBC}") = "LeavemanagementSystems", "LeavemanagementSystems\LeavemanagementSystems.csproj", "{8E68325B-0DCF-4C9F-ADD7-A6A6DBD1DBCF}"
EndProject
Global
	GlobalSection(SolutionConfigurationPlatforms) = preSolution
		Debug|Any CPU = Debug|Any CPU
		Release|Any CPU = Release|Any CPU
	EndGlobalSection
	GlobalSection(ProjectConfigurationPlatforms) = postSolution
		{8E68325B-0DCF-4C9F-ADD7-A6A6DBD1DBCF}.Debug|Any CPU.ActiveCfg = Debug|Any CPU
		{8E68325B-0DCF-4C9F-ADD7-A6A6DBD1DBCF}.Debug|Any CPU.Build.0 = Debug|Any CPU
		{8E68325B-0DCF-4C9F-ADD7-A6A6DBD1DBCF}.Release|Any CPU.ActiveCfg = Release|Any CPU
		{8E68325B-0DCF-4C9F-ADD7-A6A6DBD1DBCF}.Release|Any CPU.Build.0 = Release|Any CPU
	EndGlobalSection
	GlobalSection(SolutionProperties) = preSolution
		HideSolutionNode = FALSE
	EndGlobalSection
	GlobalSection(ExtensibilityGlobals) = postSolution
		SolutionGuid = {96E7BA38-8F96-4E10-B566-E3BD24902E3D}
	EndGlobalSection
EndGlobal
